
Microsoft Visual Studio Solution File, Format Version 12.00
# Visual Studio 2013
VisualStudioVersion = 12.0.31101.0
MinimumVisualStudioVersion = 10.0.40219.1
Project("{FAE04EC0-301F-11D3-BF4B-00C04F79EFBC}") = "MCM.Forms", "MCM.Forms\MCM.Forms\MCM.Forms.csproj", "{8E3B0342-9DED-4243-9307-B47355ECB680}"
EndProject
Project("{FAE04EC0-301F-11D3-BF4B-00C04F79EFBC}") = "MCM.Forms.iOS", "MCM.Forms\MCM.Forms.iOS\MCM.Forms.iOS.csproj", "{70315A9D-7EAF-4DC0-B20E-7F2FBA9C0389}"
EndProject
Project("{FAE04EC0-301F-11D3-BF4B-00C04F79EFBC}") = "MCM.Forms.Droid", "MCM.Forms\MCM.Forms.Droid\MCM.Forms.Droid.csproj", "{26958DEF-01C1-403B-A283-BEA753781A83}"
EndProject
Project("{FAE04EC0-301F-11D3-BF4B-00C04F79EFBC}") = "MCM.Forms.WinPhone", "MCM.Forms\MCM.Forms.WinPhone\MCM.Forms.WinPhone.csproj", "{9344E6DF-862E-44D3-9240-74CBCA7F1112}"
EndProject
Project("{2150E333-8FDC-42A3-9474-1A3956D46DE8}") = "Core", "Core", "{95C8DCDA-F26B-48CA-9286-9B1DE33D8FA0}"
EndProject
Project("{D954291E-2A0B-460D-934E-DC6B0785DB48}") = "MCM.Core", "Core\MCM.Core\MCM.Core.shproj", "{7FAA0D62-8408-4952-8E9F-963B59CE5009}"
EndProject
Project("{FAE04EC0-301F-11D3-BF4B-00C04F79EFBC}") = "MCM.Core.Droid", "Core\MCM.Core.Droid\MCM.Core.Droid.csproj", "{BCA78BEB-C768-41D4-BC36-242C675E38C5}"
EndProject
Project("{FAE04EC0-301F-11D3-BF4B-00C04F79EFBC}") = "MCM.Core.iOS", "Core\MCM.Core.iOS\MCM.Core.iOS.csproj", "{DCFCD378-8285-46F8-BBA9-CCE487F9DFF5}"
EndProject
Project("{FAE04EC0-301F-11D3-BF4B-00C04F79EFBC}") = "MCM.Core.WinPhone", "Core\MCM.Core.WinPhone\MCM.Core.WinPhone.csproj", "{37E1C7AE-8062-4FAD-9E01-136DBB9AFF9E}"
EndProject
Global
	GlobalSection(SharedMSBuildProjectFiles) = preSolution
		Core\MCM.Core\MCM.Core.projitems*{dcfcd378-8285-46f8-bba9-cce487f9dff5}*SharedItemsImports = 4
		Core\MCM.Core\MCM.Core.projitems*{37e1c7ae-8062-4fad-9e01-136dbb9aff9e}*SharedItemsImports = 4
		Core\MCM.Core\MCM.Core.projitems*{bca78beb-c768-41d4-bc36-242c675e38c5}*SharedItemsImports = 4
		Core\MCM.Core\MCM.Core.projitems*{7faa0d62-8408-4952-8e9f-963b59ce5009}*SharedItemsImports = 13
	EndGlobalSection
	GlobalSection(SolutionConfigurationPlatforms) = preSolution
		Ad-Hoc|Any CPU = Ad-Hoc|Any CPU
		Ad-Hoc|ARM = Ad-Hoc|ARM
		Ad-Hoc|iPhone = Ad-Hoc|iPhone
		Ad-Hoc|iPhoneSimulator = Ad-Hoc|iPhoneSimulator
		Ad-Hoc|Mixed Platforms = Ad-Hoc|Mixed Platforms
		Ad-Hoc|x86 = Ad-Hoc|x86
		AppStore|Any CPU = AppStore|Any CPU
		AppStore|ARM = AppStore|ARM
		AppStore|iPhone = AppStore|iPhone
		AppStore|iPhoneSimulator = AppStore|iPhoneSimulator
		AppStore|Mixed Platforms = AppStore|Mixed Platforms
		AppStore|x86 = AppStore|x86
		Debug|Any CPU = Debug|Any CPU
		Debug|ARM = Debug|ARM
		Debug|iPhone = Debug|iPhone
		Debug|iPhoneSimulator = Debug|iPhoneSimulator
		Debug|Mixed Platforms = Debug|Mixed Platforms
		Debug|x86 = Debug|x86
		Release|Any CPU = Release|Any CPU
		Release|ARM = Release|ARM
		Release|iPhone = Release|iPhone
		Release|iPhoneSimulator = Release|iPhoneSimulator
		Release|Mixed Platforms = Release|Mixed Platforms
		Release|x86 = Release|x86
	EndGlobalSection
	GlobalSection(ProjectConfigurationPlatforms) = postSolution
		{8E3B0342-9DED-4243-9307-B47355ECB680}.Ad-Hoc|Any CPU.ActiveCfg = Release|Any CPU
		{8E3B0342-9DED-4243-9307-B47355ECB680}.Ad-Hoc|Any CPU.Build.0 = Release|Any CPU
		{8E3B0342-9DED-4243-9307-B47355ECB680}.Ad-Hoc|ARM.ActiveCfg = Release|Any CPU
		{8E3B0342-9DED-4243-9307-B47355ECB680}.Ad-Hoc|iPhone.ActiveCfg = Release|Any CPU
		{8E3B0342-9DED-4243-9307-B47355ECB680}.Ad-Hoc|iPhoneSimulator.ActiveCfg = Release|Any CPU
		{8E3B0342-9DED-4243-9307-B47355ECB680}.Ad-Hoc|Mixed Platforms.ActiveCfg = Release|Any CPU
		{8E3B0342-9DED-4243-9307-B47355ECB680}.Ad-Hoc|Mixed Platforms.Build.0 = Release|Any CPU
		{8E3B0342-9DED-4243-9307-B47355ECB680}.Ad-Hoc|x86.ActiveCfg = Release|Any CPU
		{8E3B0342-9DED-4243-9307-B47355ECB680}.AppStore|Any CPU.ActiveCfg = Release|Any CPU
		{8E3B0342-9DED-4243-9307-B47355ECB680}.AppStore|Any CPU.Build.0 = Release|Any CPU
		{8E3B0342-9DED-4243-9307-B47355ECB680}.AppStore|ARM.ActiveCfg = Release|Any CPU
		{8E3B0342-9DED-4243-9307-B47355ECB680}.AppStore|iPhone.ActiveCfg = Release|Any CPU
		{8E3B0342-9DED-4243-9307-B47355ECB680}.AppStore|iPhoneSimulator.ActiveCfg = Release|Any CPU
		{8E3B0342-9DED-4243-9307-B47355ECB680}.AppStore|Mixed Platforms.ActiveCfg = Release|Any CPU
		{8E3B0342-9DED-4243-9307-B47355ECB680}.AppStore|Mixed Platforms.Build.0 = Release|Any CPU
		{8E3B0342-9DED-4243-9307-B47355ECB680}.AppStore|x86.ActiveCfg = Release|Any CPU
		{8E3B0342-9DED-4243-9307-B47355ECB680}.Debug|Any CPU.ActiveCfg = Debug|Any CPU
		{8E3B0342-9DED-4243-9307-B47355ECB680}.Debug|Any CPU.Build.0 = Debug|Any CPU
		{8E3B0342-9DED-4243-9307-B47355ECB680}.Debug|ARM.ActiveCfg = Debug|Any CPU
		{8E3B0342-9DED-4243-9307-B47355ECB680}.Debug|iPhone.ActiveCfg = Debug|Any CPU
		{8E3B0342-9DED-4243-9307-B47355ECB680}.Debug|iPhoneSimulator.ActiveCfg = Debug|Any CPU
		{8E3B0342-9DED-4243-9307-B47355ECB680}.Debug|iPhoneSimulator.Build.0 = Debug|Any CPU
		{8E3B0342-9DED-4243-9307-B47355ECB680}.Debug|Mixed Platforms.ActiveCfg = Debug|Any CPU
		{8E3B0342-9DED-4243-9307-B47355ECB680}.Debug|Mixed Platforms.Build.0 = Debug|Any CPU
		{8E3B0342-9DED-4243-9307-B47355ECB680}.Debug|x86.ActiveCfg = Debug|Any CPU
		{8E3B0342-9DED-4243-9307-B47355ECB680}.Release|Any CPU.ActiveCfg = Release|Any CPU
		{8E3B0342-9DED-4243-9307-B47355ECB680}.Release|Any CPU.Build.0 = Release|Any CPU
		{8E3B0342-9DED-4243-9307-B47355ECB680}.Release|ARM.ActiveCfg = Release|Any CPU
		{8E3B0342-9DED-4243-9307-B47355ECB680}.Release|iPhone.ActiveCfg = Release|Any CPU
		{8E3B0342-9DED-4243-9307-B47355ECB680}.Release|iPhoneSimulator.ActiveCfg = Release|Any CPU
		{8E3B0342-9DED-4243-9307-B47355ECB680}.Release|Mixed Platforms.ActiveCfg = Release|Any CPU
		{8E3B0342-9DED-4243-9307-B47355ECB680}.Release|Mixed Platforms.Build.0 = Release|Any CPU
		{8E3B0342-9DED-4243-9307-B47355ECB680}.Release|x86.ActiveCfg = Release|Any CPU
		{70315A9D-7EAF-4DC0-B20E-7F2FBA9C0389}.Ad-Hoc|Any CPU.ActiveCfg = Ad-Hoc|iPhone
		{70315A9D-7EAF-4DC0-B20E-7F2FBA9C0389}.Ad-Hoc|ARM.ActiveCfg = Ad-Hoc|iPhone
		{70315A9D-7EAF-4DC0-B20E-7F2FBA9C0389}.Ad-Hoc|iPhone.ActiveCfg = Ad-Hoc|iPhone
		{70315A9D-7EAF-4DC0-B20E-7F2FBA9C0389}.Ad-Hoc|iPhone.Build.0 = Ad-Hoc|iPhone
		{70315A9D-7EAF-4DC0-B20E-7F2FBA9C0389}.Ad-Hoc|iPhoneSimulator.ActiveCfg = Ad-Hoc|iPhoneSimulator
		{70315A9D-7EAF-4DC0-B20E-7F2FBA9C0389}.Ad-Hoc|iPhoneSimulator.Build.0 = Ad-Hoc|iPhoneSimulator
		{70315A9D-7EAF-4DC0-B20E-7F2FBA9C0389}.Ad-Hoc|Mixed Platforms.ActiveCfg = Ad-Hoc|iPhone
		{70315A9D-7EAF-4DC0-B20E-7F2FBA9C0389}.Ad-Hoc|Mixed Platforms.Build.0 = Ad-Hoc|iPhone
		{70315A9D-7EAF-4DC0-B20E-7F2FBA9C0389}.Ad-Hoc|x86.ActiveCfg = Ad-Hoc|iPhone
		{70315A9D-7EAF-4DC0-B20E-7F2FBA9C0389}.AppStore|Any CPU.ActiveCfg = AppStore|iPhone
		{70315A9D-7EAF-4DC0-B20E-7F2FBA9C0389}.AppStore|ARM.ActiveCfg = AppStore|iPhone
		{70315A9D-7EAF-4DC0-B20E-7F2FBA9C0389}.AppStore|iPhone.ActiveCfg = AppStore|iPhone
		{70315A9D-7EAF-4DC0-B20E-7F2FBA9C0389}.AppStore|iPhone.Build.0 = AppStore|iPhone
		{70315A9D-7EAF-4DC0-B20E-7F2FBA9C0389}.AppStore|iPhoneSimulator.ActiveCfg = AppStore|iPhoneSimulator
		{70315A9D-7EAF-4DC0-B20E-7F2FBA9C0389}.AppStore|iPhoneSimulator.Build.0 = AppStore|iPhoneSimulator
		{70315A9D-7EAF-4DC0-B20E-7F2FBA9C0389}.AppStore|Mixed Platforms.ActiveCfg = AppStore|iPhone
		{70315A9D-7EAF-4DC0-B20E-7F2FBA9C0389}.AppStore|Mixed Platforms.Build.0 = AppStore|iPhone
		{70315A9D-7EAF-4DC0-B20E-7F2FBA9C0389}.AppStore|x86.ActiveCfg = AppStore|iPhone
		{70315A9D-7EAF-4DC0-B20E-7F2FBA9C0389}.Debug|Any CPU.ActiveCfg = Debug|iPhone
		{70315A9D-7EAF-4DC0-B20E-7F2FBA9C0389}.Debug|ARM.ActiveCfg = Debug|iPhone
		{70315A9D-7EAF-4DC0-B20E-7F2FBA9C0389}.Debug|iPhone.ActiveCfg = Debug|iPhone
		{70315A9D-7EAF-4DC0-B20E-7F2FBA9C0389}.Debug|iPhone.Build.0 = Debug|iPhone
		{70315A9D-7EAF-4DC0-B20E-7F2FBA9C0389}.Debug|iPhoneSimulator.ActiveCfg = Debug|iPhoneSimulator
		{70315A9D-7EAF-4DC0-B20E-7F2FBA9C0389}.Debug|iPhoneSimulator.Build.0 = Debug|iPhoneSimulator
		{70315A9D-7EAF-4DC0-B20E-7F2FBA9C0389}.Debug|Mixed Platforms.ActiveCfg = Debug|iPhone
		{70315A9D-7EAF-4DC0-B20E-7F2FBA9C0389}.Debug|Mixed Platforms.Build.0 = Debug|iPhone
		{70315A9D-7EAF-4DC0-B20E-7F2FBA9C0389}.Debug|x86.ActiveCfg = Debug|iPhone
		{70315A9D-7EAF-4DC0-B20E-7F2FBA9C0389}.Release|Any CPU.ActiveCfg = Release|iPhone
		{70315A9D-7EAF-4DC0-B20E-7F2FBA9C0389}.Release|ARM.ActiveCfg = Release|iPhone
		{70315A9D-7EAF-4DC0-B20E-7F2FBA9C0389}.Release|iPhone.ActiveCfg = Release|iPhone
		{70315A9D-7EAF-4DC0-B20E-7F2FBA9C0389}.Release|iPhone.Build.0 = Release|iPhone
		{70315A9D-7EAF-4DC0-B20E-7F2FBA9C0389}.Release|iPhoneSimulator.ActiveCfg = Release|iPhoneSimulator
		{70315A9D-7EAF-4DC0-B20E-7F2FBA9C0389}.Release|iPhoneSimulator.Build.0 = Release|iPhoneSimulator
		{70315A9D-7EAF-4DC0-B20E-7F2FBA9C0389}.Release|Mixed Platforms.ActiveCfg = Release|iPhone
		{70315A9D-7EAF-4DC0-B20E-7F2FBA9C0389}.Release|Mixed Platforms.Build.0 = Release|iPhone
		{70315A9D-7EAF-4DC0-B20E-7F2FBA9C0389}.Release|x86.ActiveCfg = Release|iPhone
		{26958DEF-01C1-403B-A283-BEA753781A83}.Ad-Hoc|Any CPU.ActiveCfg = Release|Any CPU
		{26958DEF-01C1-403B-A283-BEA753781A83}.Ad-Hoc|Any CPU.Build.0 = Release|Any CPU
		{26958DEF-01C1-403B-A283-BEA753781A83}.Ad-Hoc|Any CPU.Deploy.0 = Release|Any CPU
		{26958DEF-01C1-403B-A283-BEA753781A83}.Ad-Hoc|ARM.ActiveCfg = Release|Any CPU
		{26958DEF-01C1-403B-A283-BEA753781A83}.Ad-Hoc|iPhone.ActiveCfg = Release|Any CPU
		{26958DEF-01C1-403B-A283-BEA753781A83}.Ad-Hoc|iPhoneSimulator.ActiveCfg = Release|Any CPU
		{26958DEF-01C1-403B-A283-BEA753781A83}.Ad-Hoc|Mixed Platforms.ActiveCfg = Release|Any CPU
		{26958DEF-01C1-403B-A283-BEA753781A83}.Ad-Hoc|Mixed Platforms.Build.0 = Release|Any CPU
		{26958DEF-01C1-403B-A283-BEA753781A83}.Ad-Hoc|Mixed Platforms.Deploy.0 = Release|Any CPU
		{26958DEF-01C1-403B-A283-BEA753781A83}.Ad-Hoc|x86.ActiveCfg = Release|Any CPU
		{26958DEF-01C1-403B-A283-BEA753781A83}.AppStore|Any CPU.ActiveCfg = Release|Any CPU
		{26958DEF-01C1-403B-A283-BEA753781A83}.AppStore|Any CPU.Build.0 = Release|Any CPU
		{26958DEF-01C1-403B-A283-BEA753781A83}.AppStore|Any CPU.Deploy.0 = Release|Any CPU
		{26958DEF-01C1-403B-A283-BEA753781A83}.AppStore|ARM.ActiveCfg = Release|Any CPU
		{26958DEF-01C1-403B-A283-BEA753781A83}.AppStore|iPhone.ActiveCfg = Release|Any CPU
		{26958DEF-01C1-403B-A283-BEA753781A83}.AppStore|iPhoneSimulator.ActiveCfg = Release|Any CPU
		{26958DEF-01C1-403B-A283-BEA753781A83}.AppStore|Mixed Platforms.ActiveCfg = Release|Any CPU
		{26958DEF-01C1-403B-A283-BEA753781A83}.AppStore|Mixed Platforms.Build.0 = Release|Any CPU
		{26958DEF-01C1-403B-A283-BEA753781A83}.AppStore|Mixed Platforms.Deploy.0 = Release|Any CPU
		{26958DEF-01C1-403B-A283-BEA753781A83}.AppStore|x86.ActiveCfg = Release|Any CPU
		{26958DEF-01C1-403B-A283-BEA753781A83}.Debug|Any CPU.ActiveCfg = Debug|Any CPU
		{26958DEF-01C1-403B-A283-BEA753781A83}.Debug|Any CPU.Build.0 = Debug|Any CPU
		{26958DEF-01C1-403B-A283-BEA753781A83}.Debug|Any CPU.Deploy.0 = Debug|Any CPU
		{26958DEF-01C1-403B-A283-BEA753781A83}.Debug|ARM.ActiveCfg = Debug|Any CPU
		{26958DEF-01C1-403B-A283-BEA753781A83}.Debug|iPhone.ActiveCfg = Debug|Any CPU
		{26958DEF-01C1-403B-A283-BEA753781A83}.Debug|iPhoneSimulator.ActiveCfg = Debug|Any CPU
		{26958DEF-01C1-403B-A283-BEA753781A83}.Debug|Mixed Platforms.ActiveCfg = Debug|Any CPU
		{26958DEF-01C1-403B-A283-BEA753781A83}.Debug|Mixed Platforms.Build.0 = Debug|Any CPU
		{26958DEF-01C1-403B-A283-BEA753781A83}.Debug|Mixed Platforms.Deploy.0 = Debug|Any CPU
		{26958DEF-01C1-403B-A283-BEA753781A83}.Debug|x86.ActiveCfg = Debug|Any CPU
		{26958DEF-01C1-403B-A283-BEA753781A83}.Release|Any CPU.ActiveCfg = Release|Any CPU
		{26958DEF-01C1-403B-A283-BEA753781A83}.Release|Any CPU.Build.0 = Release|Any CPU
		{26958DEF-01C1-403B-A283-BEA753781A83}.Release|Any CPU.Deploy.0 = Release|Any CPU
		{26958DEF-01C1-403B-A283-BEA753781A83}.Release|ARM.ActiveCfg = Release|Any CPU
		{26958DEF-01C1-403B-A283-BEA753781A83}.Release|iPhone.ActiveCfg = Release|Any CPU
		{26958DEF-01C1-403B-A283-BEA753781A83}.Release|iPhoneSimulator.ActiveCfg = Release|Any CPU
		{26958DEF-01C1-403B-A283-BEA753781A83}.Release|Mixed Platforms.ActiveCfg = Release|Any CPU
		{26958DEF-01C1-403B-A283-BEA753781A83}.Release|Mixed Platforms.Build.0 = Release|Any CPU
		{26958DEF-01C1-403B-A283-BEA753781A83}.Release|Mixed Platforms.Deploy.0 = Release|Any CPU
		{26958DEF-01C1-403B-A283-BEA753781A83}.Release|x86.ActiveCfg = Release|Any CPU
		{9344E6DF-862E-44D3-9240-74CBCA7F1112}.Ad-Hoc|Any CPU.ActiveCfg = Release|Any CPU
		{9344E6DF-862E-44D3-9240-74CBCA7F1112}.Ad-Hoc|Any CPU.Build.0 = Release|Any CPU
		{9344E6DF-862E-44D3-9240-74CBCA7F1112}.Ad-Hoc|Any CPU.Deploy.0 = Release|Any CPU
		{9344E6DF-862E-44D3-9240-74CBCA7F1112}.Ad-Hoc|ARM.ActiveCfg = Release|ARM
		{9344E6DF-862E-44D3-9240-74CBCA7F1112}.Ad-Hoc|ARM.Build.0 = Release|ARM
		{9344E6DF-862E-44D3-9240-74CBCA7F1112}.Ad-Hoc|ARM.Deploy.0 = Release|ARM
		{9344E6DF-862E-44D3-9240-74CBCA7F1112}.Ad-Hoc|iPhone.ActiveCfg = Release|Any CPU
		{9344E6DF-862E-44D3-9240-74CBCA7F1112}.Ad-Hoc|iPhoneSimulator.ActiveCfg = Release|Any CPU
		{9344E6DF-862E-44D3-9240-74CBCA7F1112}.Ad-Hoc|Mixed Platforms.ActiveCfg = Release|x86
		{9344E6DF-862E-44D3-9240-74CBCA7F1112}.Ad-Hoc|Mixed Platforms.Build.0 = Release|x86
		{9344E6DF-862E-44D3-9240-74CBCA7F1112}.Ad-Hoc|Mixed Platforms.Deploy.0 = Release|x86
		{9344E6DF-862E-44D3-9240-74CBCA7F1112}.Ad-Hoc|x86.ActiveCfg = Release|x86
		{9344E6DF-862E-44D3-9240-74CBCA7F1112}.Ad-Hoc|x86.Build.0 = Release|x86
		{9344E6DF-862E-44D3-9240-74CBCA7F1112}.Ad-Hoc|x86.Deploy.0 = Release|x86
		{9344E6DF-862E-44D3-9240-74CBCA7F1112}.AppStore|Any CPU.ActiveCfg = Release|Any CPU
		{9344E6DF-862E-44D3-9240-74CBCA7F1112}.AppStore|Any CPU.Build.0 = Release|Any CPU
		{9344E6DF-862E-44D3-9240-74CBCA7F1112}.AppStore|Any CPU.Deploy.0 = Release|Any CPU
		{9344E6DF-862E-44D3-9240-74CBCA7F1112}.AppStore|ARM.ActiveCfg = Release|ARM
		{9344E6DF-862E-44D3-9240-74CBCA7F1112}.AppStore|ARM.Build.0 = Release|ARM
		{9344E6DF-862E-44D3-9240-74CBCA7F1112}.AppStore|ARM.Deploy.0 = Release|ARM
		{9344E6DF-862E-44D3-9240-74CBCA7F1112}.AppStore|iPhone.ActiveCfg = Release|Any CPU
		{9344E6DF-862E-44D3-9240-74CBCA7F1112}.AppStore|iPhoneSimulator.ActiveCfg = Release|Any CPU
		{9344E6DF-862E-44D3-9240-74CBCA7F1112}.AppStore|Mixed Platforms.ActiveCfg = Release|x86
		{9344E6DF-862E-44D3-9240-74CBCA7F1112}.AppStore|Mixed Platforms.Build.0 = Release|x86
		{9344E6DF-862E-44D3-9240-74CBCA7F1112}.AppStore|Mixed Platforms.Deploy.0 = Release|x86
		{9344E6DF-862E-44D3-9240-74CBCA7F1112}.AppStore|x86.ActiveCfg = Release|x86
		{9344E6DF-862E-44D3-9240-74CBCA7F1112}.AppStore|x86.Build.0 = Release|x86
		{9344E6DF-862E-44D3-9240-74CBCA7F1112}.AppStore|x86.Deploy.0 = Release|x86
		{9344E6DF-862E-44D3-9240-74CBCA7F1112}.Debug|Any CPU.ActiveCfg = Debug|Any CPU
		{9344E6DF-862E-44D3-9240-74CBCA7F1112}.Debug|Any CPU.Build.0 = Debug|Any CPU
		{9344E6DF-862E-44D3-9240-74CBCA7F1112}.Debug|Any CPU.Deploy.0 = Debug|Any CPU
		{9344E6DF-862E-44D3-9240-74CBCA7F1112}.Debug|ARM.ActiveCfg = Debug|ARM
		{9344E6DF-862E-44D3-9240-74CBCA7F1112}.Debug|ARM.Build.0 = Debug|ARM
		{9344E6DF-862E-44D3-9240-74CBCA7F1112}.Debug|ARM.Deploy.0 = Debug|ARM
		{9344E6DF-862E-44D3-9240-74CBCA7F1112}.Debug|iPhone.ActiveCfg = Debug|Any CPU
		{9344E6DF-862E-44D3-9240-74CBCA7F1112}.Debug|iPhoneSimulator.ActiveCfg = Debug|Any CPU
		{9344E6DF-862E-44D3-9240-74CBCA7F1112}.Debug|Mixed Platforms.ActiveCfg = Debug|x86
		{9344E6DF-862E-44D3-9240-74CBCA7F1112}.Debug|Mixed Platforms.Build.0 = Debug|x86
		{9344E6DF-862E-44D3-9240-74CBCA7F1112}.Debug|Mixed Platforms.Deploy.0 = Debug|x86
		{9344E6DF-862E-44D3-9240-74CBCA7F1112}.Debug|x86.ActiveCfg = Debug|x86
		{9344E6DF-862E-44D3-9240-74CBCA7F1112}.Debug|x86.Build.0 = Debug|x86
		{9344E6DF-862E-44D3-9240-74CBCA7F1112}.Debug|x86.Deploy.0 = Debug|x86
		{9344E6DF-862E-44D3-9240-74CBCA7F1112}.Release|Any CPU.ActiveCfg = Release|Any CPU
		{9344E6DF-862E-44D3-9240-74CBCA7F1112}.Release|Any CPU.Build.0 = Release|Any CPU
		{9344E6DF-862E-44D3-9240-74CBCA7F1112}.Release|Any CPU.Deploy.0 = Release|Any CPU
		{9344E6DF-862E-44D3-9240-74CBCA7F1112}.Release|ARM.ActiveCfg = Release|ARM
		{9344E6DF-862E-44D3-9240-74CBCA7F1112}.Release|ARM.Build.0 = Release|ARM
		{9344E6DF-862E-44D3-9240-74CBCA7F1112}.Release|ARM.Deploy.0 = Release|ARM
		{9344E6DF-862E-44D3-9240-74CBCA7F1112}.Release|iPhone.ActiveCfg = Release|Any CPU
		{9344E6DF-862E-44D3-9240-74CBCA7F1112}.Release|iPhoneSimulator.ActiveCfg = Release|Any CPU
		{9344E6DF-862E-44D3-9240-74CBCA7F1112}.Release|Mixed Platforms.ActiveCfg = Release|x86
		{9344E6DF-862E-44D3-9240-74CBCA7F1112}.Release|Mixed Platforms.Build.0 = Release|x86
		{9344E6DF-862E-44D3-9240-74CBCA7F1112}.Release|Mixed Platforms.Deploy.0 = Release|x86
		{9344E6DF-862E-44D3-9240-74CBCA7F1112}.Release|x86.ActiveCfg = Release|x86
		{9344E6DF-862E-44D3-9240-74CBCA7F1112}.Release|x86.Build.0 = Release|x86
		{9344E6DF-862E-44D3-9240-74CBCA7F1112}.Release|x86.Deploy.0 = Release|x86
		{BCA78BEB-C768-41D4-BC36-242C675E38C5}.Ad-Hoc|Any CPU.ActiveCfg = Release|Any CPU
		{BCA78BEB-C768-41D4-BC36-242C675E38C5}.Ad-Hoc|Any CPU.Build.0 = Release|Any CPU
		{BCA78BEB-C768-41D4-BC36-242C675E38C5}.Ad-Hoc|ARM.ActiveCfg = Release|Any CPU
		{BCA78BEB-C768-41D4-BC36-242C675E38C5}.Ad-Hoc|iPhone.ActiveCfg = Release|Any CPU
		{BCA78BEB-C768-41D4-BC36-242C675E38C5}.Ad-Hoc|iPhoneSimulator.ActiveCfg = Release|Any CPU
		{BCA78BEB-C768-41D4-BC36-242C675E38C5}.Ad-Hoc|Mixed Platforms.ActiveCfg = Release|Any CPU
		{BCA78BEB-C768-41D4-BC36-242C675E38C5}.Ad-Hoc|Mixed Platforms.Build.0 = Release|Any CPU
		{BCA78BEB-C768-41D4-BC36-242C675E38C5}.Ad-Hoc|x86.ActiveCfg = Release|Any CPU
		{BCA78BEB-C768-41D4-BC36-242C675E38C5}.AppStore|Any CPU.ActiveCfg = Release|Any CPU
		{BCA78BEB-C768-41D4-BC36-242C675E38C5}.AppStore|Any CPU.Build.0 = Release|Any CPU
		{BCA78BEB-C768-41D4-BC36-242C675E38C5}.AppStore|ARM.ActiveCfg = Release|Any CPU
		{BCA78BEB-C768-41D4-BC36-242C675E38C5}.AppStore|iPhone.ActiveCfg = Release|Any CPU
		{BCA78BEB-C768-41D4-BC36-242C675E38C5}.AppStore|iPhoneSimulator.ActiveCfg = Release|Any CPU
		{BCA78BEB-C768-41D4-BC36-242C675E38C5}.AppStore|Mixed Platforms.ActiveCfg = Release|Any CPU
		{BCA78BEB-C768-41D4-BC36-242C675E38C5}.AppStore|Mixed Platforms.Build.0 = Release|Any CPU
		{BCA78BEB-C768-41D4-BC36-242C675E38C5}.AppStore|x86.ActiveCfg = Release|Any CPU
		{BCA78BEB-C768-41D4-BC36-242C675E38C5}.Debug|Any CPU.ActiveCfg = Debug|Any CPU
		{BCA78BEB-C768-41D4-BC36-242C675E38C5}.Debug|Any CPU.Build.0 = Debug|Any CPU
		{BCA78BEB-C768-41D4-BC36-242C675E38C5}.Debug|ARM.ActiveCfg = Debug|Any CPU
		{BCA78BEB-C768-41D4-BC36-242C675E38C5}.Debug|iPhone.ActiveCfg = Debug|Any CPU
		{BCA78BEB-C768-41D4-BC36-242C675E38C5}.Debug|iPhoneSimulator.ActiveCfg = Debug|Any CPU
		{BCA78BEB-C768-41D4-BC36-242C675E38C5}.Debug|Mixed Platforms.ActiveCfg = Debug|Any CPU
		{BCA78BEB-C768-41D4-BC36-242C675E38C5}.Debug|Mixed Platforms.Build.0 = Debug|Any CPU
		{BCA78BEB-C768-41D4-BC36-242C675E38C5}.Debug|x86.ActiveCfg = Debug|Any CPU
		{BCA78BEB-C768-41D4-BC36-242C675E38C5}.Release|Any CPU.ActiveCfg = Release|Any CPU
		{BCA78BEB-C768-41D4-BC36-242C675E38C5}.Release|Any CPU.Build.0 = Release|Any CPU
		{BCA78BEB-C768-41D4-BC36-242C675E38C5}.Release|ARM.ActiveCfg = Release|Any CPU
		{BCA78BEB-C768-41D4-BC36-242C675E38C5}.Release|iPhone.ActiveCfg = Release|Any CPU
		{BCA78BEB-C768-41D4-BC36-242C675E38C5}.Release|iPhoneSimulator.ActiveCfg = Release|Any CPU
		{BCA78BEB-C768-41D4-BC36-242C675E38C5}.Release|Mixed Platforms.ActiveCfg = Release|Any CPU
		{BCA78BEB-C768-41D4-BC36-242C675E38C5}.Release|Mixed Platforms.Build.0 = Release|Any CPU
		{BCA78BEB-C768-41D4-BC36-242C675E38C5}.Release|x86.ActiveCfg = Release|Any CPU
		{DCFCD378-8285-46F8-BBA9-CCE487F9DFF5}.Ad-Hoc|Any CPU.ActiveCfg = Release|Any CPU
		{DCFCD378-8285-46F8-BBA9-CCE487F9DFF5}.Ad-Hoc|Any CPU.Build.0 = Release|Any CPU
		{DCFCD378-8285-46F8-BBA9-CCE487F9DFF5}.Ad-Hoc|ARM.ActiveCfg = Release|Any CPU
		{DCFCD378-8285-46F8-BBA9-CCE487F9DFF5}.Ad-Hoc|iPhone.ActiveCfg = Release|Any CPU
		{DCFCD378-8285-46F8-BBA9-CCE487F9DFF5}.Ad-Hoc|iPhoneSimulator.ActiveCfg = Release|Any CPU
		{DCFCD378-8285-46F8-BBA9-CCE487F9DFF5}.Ad-Hoc|Mixed Platforms.ActiveCfg = Release|Any CPU
		{DCFCD378-8285-46F8-BBA9-CCE487F9DFF5}.Ad-Hoc|Mixed Platforms.Build.0 = Release|Any CPU
		{DCFCD378-8285-46F8-BBA9-CCE487F9DFF5}.Ad-Hoc|x86.ActiveCfg = Release|Any CPU
		{DCFCD378-8285-46F8-BBA9-CCE487F9DFF5}.AppStore|Any CPU.ActiveCfg = Release|Any CPU
		{DCFCD378-8285-46F8-BBA9-CCE487F9DFF5}.AppStore|Any CPU.Build.0 = Release|Any CPU
		{DCFCD378-8285-46F8-BBA9-CCE487F9DFF5}.AppStore|ARM.ActiveCfg = Release|Any CPU
		{DCFCD378-8285-46F8-BBA9-CCE487F9DFF5}.AppStore|iPhone.ActiveCfg = Release|Any CPU
		{DCFCD378-8285-46F8-BBA9-CCE487F9DFF5}.AppStore|iPhoneSimulator.ActiveCfg = Release|Any CPU
		{DCFCD378-8285-46F8-BBA9-CCE487F9DFF5}.AppStore|Mixed Platforms.ActiveCfg = Release|Any CPU
		{DCFCD378-8285-46F8-BBA9-CCE487F9DFF5}.AppStore|Mixed Platforms.Build.0 = Release|Any CPU
		{DCFCD378-8285-46F8-BBA9-CCE487F9DFF5}.AppStore|x86.ActiveCfg = Release|Any CPU
		{DCFCD378-8285-46F8-BBA9-CCE487F9DFF5}.Debug|Any CPU.ActiveCfg = Debug|Any CPU
		{DCFCD378-8285-46F8-BBA9-CCE487F9DFF5}.Debug|Any CPU.Build.0 = Debug|Any CPU
		{DCFCD378-8285-46F8-BBA9-CCE487F9DFF5}.Debug|ARM.ActiveCfg = Debug|Any CPU
		{DCFCD378-8285-46F8-BBA9-CCE487F9DFF5}.Debug|iPhone.ActiveCfg = Debug|Any CPU
		{DCFCD378-8285-46F8-BBA9-CCE487F9DFF5}.Debug|iPhoneSimulator.ActiveCfg = Debug|Any CPU
		{DCFCD378-8285-46F8-BBA9-CCE487F9DFF5}.Debug|Mixed Platforms.ActiveCfg = Debug|Any CPU
		{DCFCD378-8285-46F8-BBA9-CCE487F9DFF5}.Debug|Mixed Platforms.Build.0 = Debug|Any CPU
		{DCFCD378-8285-46F8-BBA9-CCE487F9DFF5}.Debug|x86.ActiveCfg = Debug|Any CPU
		{DCFCD378-8285-46F8-BBA9-CCE487F9DFF5}.Release|Any CPU.ActiveCfg = Release|Any CPU
		{DCFCD378-8285-46F8-BBA9-CCE487F9DFF5}.Release|Any CPU.Build.0 = Release|Any CPU
		{DCFCD378-8285-46F8-BBA9-CCE487F9DFF5}.Release|ARM.ActiveCfg = Release|Any CPU
		{DCFCD378-8285-46F8-BBA9-CCE487F9DFF5}.Release|iPhone.ActiveCfg = Release|Any CPU
		{DCFCD378-8285-46F8-BBA9-CCE487F9DFF5}.Release|iPhoneSimulator.ActiveCfg = Release|Any CPU
		{DCFCD378-8285-46F8-BBA9-CCE487F9DFF5}.Release|Mixed Platforms.ActiveCfg = Release|Any CPU
		{DCFCD378-8285-46F8-BBA9-CCE487F9DFF5}.Release|Mixed Platforms.Build.0 = Release|Any CPU
		{DCFCD378-8285-46F8-BBA9-CCE487F9DFF5}.Release|x86.ActiveCfg = Release|Any CPU
		{37E1C7AE-8062-4FAD-9E01-136DBB9AFF9E}.Ad-Hoc|Any CPU.ActiveCfg = Release|Any CPU
		{37E1C7AE-8062-4FAD-9E01-136DBB9AFF9E}.Ad-Hoc|Any CPU.Build.0 = Release|Any CPU
		{37E1C7AE-8062-4FAD-9E01-136DBB9AFF9E}.Ad-Hoc|ARM.ActiveCfg = Release|ARM
		{37E1C7AE-8062-4FAD-9E01-136DBB9AFF9E}.Ad-Hoc|ARM.Build.0 = Release|ARM
		{37E1C7AE-8062-4FAD-9E01-136DBB9AFF9E}.Ad-Hoc|iPhone.ActiveCfg = Release|Any CPU
		{37E1C7AE-8062-4FAD-9E01-136DBB9AFF9E}.Ad-Hoc|iPhoneSimulator.ActiveCfg = Release|Any CPU
		{37E1C7AE-8062-4FAD-9E01-136DBB9AFF9E}.Ad-Hoc|Mixed Platforms.ActiveCfg = Release|x86
		{37E1C7AE-8062-4FAD-9E01-136DBB9AFF9E}.Ad-Hoc|Mixed Platforms.Build.0 = Release|x86
		{37E1C7AE-8062-4FAD-9E01-136DBB9AFF9E}.Ad-Hoc|x86.ActiveCfg = Release|x86
		{37E1C7AE-8062-4FAD-9E01-136DBB9AFF9E}.Ad-Hoc|x86.Build.0 = Release|x86
		{37E1C7AE-8062-4FAD-9E01-136DBB9AFF9E}.AppStore|Any CPU.ActiveCfg = Release|Any CPU
		{37E1C7AE-8062-4FAD-9E01-136DBB9AFF9E}.AppStore|Any CPU.Build.0 = Release|Any CPU
		{37E1C7AE-8062-4FAD-9E01-136DBB9AFF9E}.AppStore|ARM.ActiveCfg = Release|ARM
		{37E1C7AE-8062-4FAD-9E01-136DBB9AFF9E}.AppStore|ARM.Build.0 = Release|ARM
		{37E1C7AE-8062-4FAD-9E01-136DBB9AFF9E}.AppStore|iPhone.ActiveCfg = Release|Any CPU
		{37E1C7AE-8062-4FAD-9E01-136DBB9AFF9E}.AppStore|iPhoneSimulator.ActiveCfg = Release|Any CPU
		{37E1C7AE-8062-4FAD-9E01-136DBB9AFF9E}.AppStore|Mixed Platforms.ActiveCfg = Release|x86
		{37E1C7AE-8062-4FAD-9E01-136DBB9AFF9E}.AppStore|Mixed Platforms.Build.0 = Release|x86
		{37E1C7AE-8062-4FAD-9E01-136DBB9AFF9E}.AppStore|x86.ActiveCfg = Release|x86
		{37E1C7AE-8062-4FAD-9E01-136DBB9AFF9E}.AppStore|x86.Build.0 = Release|x86
		{37E1C7AE-8062-4FAD-9E01-136DBB9AFF9E}.Debug|Any CPU.ActiveCfg = Debug|Any CPU
		{37E1C7AE-8062-4FAD-9E01-136DBB9AFF9E}.Debug|Any CPU.Build.0 = Debug|Any CPU
		{37E1C7AE-8062-4FAD-9E01-136DBB9AFF9E}.Debug|ARM.ActiveCfg = Debug|ARM
		{37E1C7AE-8062-4FAD-9E01-136DBB9AFF9E}.Debug|ARM.Build.0 = Debug|ARM
		{37E1C7AE-8062-4FAD-9E01-136DBB9AFF9E}.Debug|iPhone.ActiveCfg = Debug|Any CPU
		{37E1C7AE-8062-4FAD-9E01-136DBB9AFF9E}.Debug|iPhoneSimulator.ActiveCfg = Debug|Any CPU
		{37E1C7AE-8062-4FAD-9E01-136DBB9AFF9E}.Debug|Mixed Platforms.ActiveCfg = Debug|x86
		{37E1C7AE-8062-4FAD-9E01-136DBB9AFF9E}.Debug|Mixed Platforms.Build.0 = Debug|x86
		{37E1C7AE-8062-4FAD-9E01-136DBB9AFF9E}.Debug|x86.ActiveCfg = Debug|x86
		{37E1C7AE-8062-4FAD-9E01-136DBB9AFF9E}.Debug|x86.Build.0 = Debug|x86
		{37E1C7AE-8062-4FAD-9E01-136DBB9AFF9E}.Release|Any CPU.ActiveCfg = Release|Any CPU
		{37E1C7AE-8062-4FAD-9E01-136DBB9AFF9E}.Release|Any CPU.Build.0 = Release|Any CPU
		{37E1C7AE-8062-4FAD-9E01-136DBB9AFF9E}.Release|ARM.ActiveCfg = Release|ARM
		{37E1C7AE-8062-4FAD-9E01-136DBB9AFF9E}.Release|ARM.Build.0 = Release|ARM
		{37E1C7AE-8062-4FAD-9E01-136DBB9AFF9E}.Release|iPhone.ActiveCfg = Release|Any CPU
		{37E1C7AE-8062-4FAD-9E01-136DBB9AFF9E}.Release|iPhoneSimulator.ActiveCfg = Release|Any CPU
		{37E1C7AE-8062-4FAD-9E01-136DBB9AFF9E}.Release|Mixed Platforms.ActiveCfg = Release|x86
		{37E1C7AE-8062-4FAD-9E01-136DBB9AFF9E}.Release|Mixed Platforms.Build.0 = Release|x86
		{37E1C7AE-8062-4FAD-9E01-136DBB9AFF9E}.Release|x86.ActiveCfg = Release|x86
		{37E1C7AE-8062-4FAD-9E01-136DBB9AFF9E}.Release|x86.Build.0 = Release|x86
	EndGlobalSection
	GlobalSection(SolutionProperties) = preSolution
		HideSolutionNode = FALSE
	EndGlobalSection
	GlobalSection(NestedProjects) = preSolution
		{7FAA0D62-8408-4952-8E9F-963B59CE5009} = {95C8DCDA-F26B-48CA-9286-9B1DE33D8FA0}
		{BCA78BEB-C768-41D4-BC36-242C675E38C5} = {95C8DCDA-F26B-48CA-9286-9B1DE33D8FA0}
		{DCFCD378-8285-46F8-BBA9-CCE487F9DFF5} = {95C8DCDA-F26B-48CA-9286-9B1DE33D8FA0}
		{37E1C7AE-8062-4FAD-9E01-136DBB9AFF9E} = {95C8DCDA-F26B-48CA-9286-9B1DE33D8FA0}
	EndGlobalSection
EndGlobal
